// !$*UTF8*$!
{
	archiveVersion = 1;
	classes = {
	};
	objectVersion = 55;
	objects = {

/* Begin PBXBuildFile section */
		9A0833EC286F2EB8006F5AA3 /* russia_lossesApp.swift in Sources */ = {isa = PBXBuildFile; fileRef = 9A0833EB286F2EB8006F5AA3 /* russia_lossesApp.swift */; };
		9A0833EE286F2EB8006F5AA3 /* ContentView.swift in Sources */ = {isa = PBXBuildFile; fileRef = 9A0833ED286F2EB8006F5AA3 /* ContentView.swift */; };
		9A0833F0286F2EBD006F5AA3 /* Assets.xcassets in Resources */ = {isa = PBXBuildFile; fileRef = 9A0833EF286F2EBD006F5AA3 /* Assets.xcassets */; };
		9A0833F3286F2EBD006F5AA3 /* Preview Assets.xcassets in Resources */ = {isa = PBXBuildFile; fileRef = 9A0833F2286F2EBD006F5AA3 /* Preview Assets.xcassets */; };
		9A083401286F312F006F5AA3 /* API.swift in Sources */ = {isa = PBXBuildFile; fileRef = 9A083400286F312F006F5AA3 /* API.swift */; };
		9A083403286F31C9006F5AA3 /* Equipment.swift in Sources */ = {isa = PBXBuildFile; fileRef = 9A083402286F31C9006F5AA3 /* Equipment.swift */; };
		9A083405286F31E2006F5AA3 /* Personal.swift in Sources */ = {isa = PBXBuildFile; fileRef = 9A083404286F31E2006F5AA3 /* Personal.swift */; };
		9A083407286F33AE006F5AA3 /* DownloadViewModel.swift in Sources */ = {isa = PBXBuildFile; fileRef = 9A083406286F33AE006F5AA3 /* DownloadViewModel.swift */; };
/* End PBXBuildFile section */

/* Begin PBXFileReference section */
		9A0833E8286F2EB8006F5AA3 /* russia_losses.app */ = {isa = PBXFileReference; explicitFileType = wrapper.application; includeInIndex = 0; path = russia_losses.app; sourceTree = BUILT_PRODUCTS_DIR; };
		9A0833EB286F2EB8006F5AA3 /* russia_lossesApp.swift */ = {isa = PBXFileReference; lastKnownFileType = sourcecode.swift; path = russia_lossesApp.swift; sourceTree = "<group>"; };
		9A0833ED286F2EB8006F5AA3 /* ContentView.swift */ = {isa = PBXFileReference; lastKnownFileType = sourcecode.swift; path = ContentView.swift; sourceTree = "<group>"; };
		9A0833EF286F2EBD006F5AA3 /* Assets.xcassets */ = {isa = PBXFileReference; lastKnownFileType = folder.assetcatalog; path = Assets.xcassets; sourceTree = "<group>"; };
		9A0833F2286F2EBD006F5AA3 /* Preview Assets.xcassets */ = {isa = PBXFileReference; lastKnownFileType = folder.assetcatalog; path = "Preview Assets.xcassets"; sourceTree = "<group>"; };
		9A083400286F312F006F5AA3 /* API.swift */ = {isa = PBXFileReference; lastKnownFileType = sourcecode.swift; path = API.swift; sourceTree = "<group>"; };
		9A083402286F31C9006F5AA3 /* Equipment.swift */ = {isa = PBXFileReference; lastKnownFileType = sourcecode.swift; path = Equipment.swift; sourceTree = "<group>"; };
		9A083404286F31E2006F5AA3 /* Personal.swift */ = {isa = PBXFileReference; lastKnownFileType = sourcecode.swift; path = Personal.swift; sourceTree = "<group>"; };
		9A083406286F33AE006F5AA3 /* DownloadViewModel.swift */ = {isa = PBXFileReference; lastKnownFileType = sourcecode.swift; path = DownloadViewModel.swift; sourceTree = "<group>"; };
/* End PBXFileReference section */

/* Begin PBXFrameworksBuildPhase section */
		9A0833E5286F2EB8006F5AA3 /* Frameworks */ = {
			isa = PBXFrameworksBuildPhase;
			buildActionMask = 2147483647;
			files = (
			);
			runOnlyForDeploymentPostprocessing = 0;
		};
/* End PBXFrameworksBuildPhase section */

/* Begin PBXGroup section */
		9A0833DF286F2EB8006F5AA3 = {
			isa = PBXGroup;
			children = (
				9A0833EA286F2EB8006F5AA3 /* russia_losses */,
				9A0833E9286F2EB8006F5AA3 /* Products */,
			);
			sourceTree = "<group>";
		};
		9A0833E9286F2EB8006F5AA3 /* Products */ = {
			isa = PBXGroup;
			children = (
				9A0833E8286F2EB8006F5AA3 /* russia_losses.app */,
			);
			name = Products;
			sourceTree = "<group>";
		};
		9A0833EA286F2EB8006F5AA3 /* russia_losses */ = {
			isa = PBXGroup;
			children = (
				9A0833EB286F2EB8006F5AA3 /* russia_lossesApp.swift */,
				9A0833FF286F3110006F5AA3 /* API */,
				9A0833FC286F2F3F006F5AA3 /* View */,
				9A0833FB286F2F35006F5AA3 /* ModelView */,
				9A0833FA286F2F2C006F5AA3 /* Model */,
				9A0833F9286F2F21006F5AA3 /* Data */,
				9A0833EF286F2EBD006F5AA3 /* Assets.xcassets */,
				9A0833F1286F2EBD006F5AA3 /* Preview Content */,
			);
			path = russia_losses;
			sourceTree = "<group>";
		};
		9A0833F1286F2EBD006F5AA3 /* Preview Content */ = {
			isa = PBXGroup;
			children = (
				9A0833F2286F2EBD006F5AA3 /* Preview Assets.xcassets */,
			);
			path = "Preview Content";
			sourceTree = "<group>";
		};
		9A0833F9286F2F21006F5AA3 /* Data */ = {
			isa = PBXGroup;
			children = (
			);
			path = Data;
			sourceTree = "<group>";
		};
		9A0833FA286F2F2C006F5AA3 /* Model */ = {
			isa = PBXGroup;
			children = (
				9A083402286F31C9006F5AA3 /* Equipment.swift */,
				9A083404286F31E2006F5AA3 /* Personal.swift */,
			);
			path = Model;
			sourceTree = "<group>";
		};
		9A0833FB286F2F35006F5AA3 /* ModelView */ = {
			isa = PBXGroup;
			children = (
				9A083406286F33AE006F5AA3 /* DownloadViewModel.swift */,
			);
			path = ModelView;
			sourceTree = "<group>";
		};
		9A0833FC286F2F3F006F5AA3 /* View */ = {
			isa = PBXGroup;
			children = (
				9A0833ED286F2EB8006F5AA3 /* ContentView.swift */,
			);
			path = View;
			sourceTree = "<group>";
		};
		9A0833FF286F3110006F5AA3 /* API */ = {
			isa = PBXGroup;
			children = (
				9A083400286F312F006F5AA3 /* API.swift */,
			);
			path = API;
			sourceTree = "<group>";
		};
/* End PBXGroup section */

/* Begin PBXNativeTarget section */
		9A0833E7286F2EB8006F5AA3 /* russia_losses */ = {
			isa = PBXNativeTarget;
			buildConfigurationList = 9A0833F6286F2EBD006F5AA3 /* Build configuration list for PBXNativeTarget "russia_losses" */;
			buildPhases = (
				9A0833E4286F2EB8006F5AA3 /* Sources */,
				9A0833E5286F2EB8006F5AA3 /* Frameworks */,
				9A0833E6286F2EB8006F5AA3 /* Resources */,
			);
			buildRules = (
			);
			dependencies = (
			);
			name = russia_losses;
			productName = russia_losses;
			productReference = 9A0833E8286F2EB8006F5AA3 /* russia_losses.app */;
			productType = "com.apple.product-type.application";
		};
/* End PBXNativeTarget section */

/* Begin PBXProject section */
		9A0833E0286F2EB8006F5AA3 /* Project object */ = {
			isa = PBXProject;
			attributes = {
				BuildIndependentTargetsInParallel = 1;
				LastSwiftUpdateCheck = 1330;
				LastUpgradeCheck = 1330;
				TargetAttributes = {
					9A0833E7286F2EB8006F5AA3 = {
						CreatedOnToolsVersion = 13.3.1;
					};
				};
			};
			buildConfigurationList = 9A0833E3286F2EB8006F5AA3 /* Build configuration list for PBXProject "russia_losses" */;
			compatibilityVersion = "Xcode 13.0";
			developmentRegion = en;
			hasScannedForEncodings = 0;
			knownRegions = (
				en,
				Base,
			);
			mainGroup = 9A0833DF286F2EB8006F5AA3;
			productRefGroup = 9A0833E9286F2EB8006F5AA3 /* Products */;
			projectDirPath = "";
			projectRoot = "";
			targets = (
				9A0833E7286F2EB8006F5AA3 /* russia_losses */,
			);
		};
/* End PBXProject section */

/* Begin PBXResourcesBuildPhase section */
		9A0833E6286F2EB8006F5AA3 /* Resources */ = {
			isa = PBXResourcesBuildPhase;
			buildActionMask = 2147483647;
			files = (
				9A0833F3286F2EBD006F5AA3 /* Preview Assets.xcassets in Resources */,
				9A0833F0286F2EBD006F5AA3 /* Assets.xcassets in Resources */,
			);
			runOnlyForDeploymentPostprocessing = 0;
		};
/* End PBXResourcesBuildPhase section */

/* Begin PBXSourcesBuildPhase section */
		9A0833E4286F2EB8006F5AA3 /* Sources */ = {
			isa = PBXSourcesBuildPhase;
			buildActionMask = 2147483647;
			files = (
				9A0833EE286F2EB8006F5AA3 /* ContentView.swift in Sources */,
				9A083401286F312F006F5AA3 /* API.swift in Sources */,
				9A083407286F33AE006F5AA3 /* DownloadViewModel.swift in Sources */,
				9A083403286F31C9006F5AA3 /* Equipment.swift in Sources */,
				9A083405286F31E2006F5AA3 /* Personal.swift in Sources */,
				9A0833EC286F2EB8006F5AA3 /* russia_lossesApp.swift in Sources */,
			);
			runOnlyForDeploymentPostprocessing = 0;
		};
/* End PBXSourcesBuildPhase section */

/* Begin XCBuildConfiguration section */
		9A0833F4286F2EBD006F5AA3 /* Debug */ = {
			isa = XCBuildConfiguration;
			buildSettings = {
				ALWAYS_SEARCH_USER_PATHS = NO;
				CLANG_ANALYZER_NONNULL = YES;
				CLANG_ANALYZER_NUMBER_OBJECT_CONVERSION = YES_AGGRESSIVE;
				CLANG_CXX_LANGUAGE_STANDARD = "gnu++17";
				CLANG_ENABLE_MODULES = YES;
				CLANG_ENABLE_OBJC_ARC = YES;
				CLANG_ENABLE_OBJC_WEAK = YES;
				CLANG_WARN_BLOCK_CAPTURE_AUTORELEASING = YES;
				CLANG_WARN_BOOL_CONVERSION = YES;
				CLANG_WARN_COMMA = YES;
				CLANG_WARN_CONSTANT_CONVERSION = YES;
				CLANG_WARN_DEPRECATED_OBJC_IMPLEMENTATIONS = YES;
				CLANG_WARN_DIRECT_OBJC_ISA_USAGE = YES_ERROR;
				CLANG_WARN_DOCUMENTATION_COMMENTS = YES;
				CLANG_WARN_EMPTY_BODY = YES;
				CLANG_WARN_ENUM_CONVERSION = YES;
				CLANG_WARN_INFINITE_RECURSION = YES;
				CLANG_WARN_INT_CONVERSION = YES;
				CLANG_WARN_NON_LITERAL_NULL_CONVERSION = YES;
				CLANG_WARN_OBJC_IMPLICIT_RETAIN_SELF = YES;
				CLANG_WARN_OBJC_LITERAL_CONVERSION = YES;
				CLANG_WARN_OBJC_ROOT_CLASS = YES_ERROR;
				CLANG_WARN_QUOTED_INCLUDE_IN_FRAMEWORK_HEADER = YES;
				CLANG_WARN_RANGE_LOOP_ANALYSIS = YES;
				CLANG_WARN_STRICT_PROTOTYPES = YES;
				CLANG_WARN_SUSPICIOUS_MOVE = YES;
				CLANG_WARN_UNGUARDED_AVAILABILITY = YES_AGGRESSIVE;
				CLANG_WARN_UNREACHABLE_CODE = YES;
				CLANG_WARN__DUPLICATE_METHOD_MATCH = YES;
				COPY_PHASE_STRIP = NO;
				DEBUG_INFORMATION_FORMAT = dwarf;
				ENABLE_STRICT_OBJC_MSGSEND = YES;
				ENABLE_TESTABILITY = YES;
				GCC_C_LANGUAGE_STANDARD = gnu11;
				GCC_DYNAMIC_NO_PIC = NO;
				GCC_NO_COMMON_BLOCKS = YES;
				GCC_OPTIMIZATION_LEVEL = 0;
				GCC_PREPROCESSOR_DEFINITIONS = (
					"DEBUG=1",
					"$(inherited)",
				);
				GCC_WARN_64_TO_32_BIT_CONVERSION = YES;
				GCC_WARN_ABOUT_RETURN_TYPE = YES_ERROR;
				GCC_WARN_UNDECLARED_SELECTOR = YES;
				GCC_WARN_UNINITIALIZED_AUTOS = YES_AGGRESSIVE;
				GCC_WARN_UNUSED_FUNCTION = YES;
				GCC_WARN_UNUSED_VARIABLE = YES;
				IPHONEOS_DEPLOYMENT_TARGET = 15.4;
				MTL_ENABLE_DEBUG_INFO = INCLUDE_SOURCE;
				MTL_FAST_MATH = YES;
				ONLY_ACTIVE_ARCH = YES;
				SDKROOT = iphoneos;
				SWIFT_ACTIVE_COMPILATION_CONDITIONS = DEBUG;
				SWIFT_OPTIMIZATION_LEVEL = "-Onone";
			};
			name = Debug;
		};
		9A0833F5286F2EBD006F5AA3 /* Release */ = {
			isa = XCBuildConfiguration;
			buildSettings = {
				ALWAYS_SEARCH_USER_PATHS = NO;
				CLANG_ANALYZER_NONNULL = YES;
				CLANG_ANALYZER_NUMBER_OBJECT_CONVERSION = YES_AGGRESSIVE;
				CLANG_CXX_LANGUAGE_STANDARD = "gnu++17";
				CLANG_ENABLE_MODULES = YES;
				CLANG_ENABLE_OBJC_ARC = YES;
				CLANG_ENABLE_OBJC_WEAK = YES;
				CLANG_WARN_BLOCK_CAPTURE_AUTORELEASING = YES;
				CLANG_WARN_BOOL_CONVERSION = YES;
				CLANG_WARN_COMMA = YES;
				CLANG_WARN_CONSTANT_CONVERSION = YES;
				CLANG_WARN_DEPRECATED_OBJC_IMPLEMENTATIONS = YES;
				CLANG_WARN_DIRECT_OBJC_ISA_USAGE = YES_ERROR;
				CLANG_WARN_DOCUMENTATION_COMMENTS = YES;
				CLANG_WARN_EMPTY_BODY = YES;
				CLANG_WARN_ENUM_CONVERSION = YES;
				CLANG_WARN_INFINITE_RECURSION = YES;
				CLANG_WARN_INT_CONVERSION = YES;
				CLANG_WARN_NON_LITERAL_NULL_CONVERSION = YES;
				CLANG_WARN_OBJC_IMPLICIT_RETAIN_SELF = YES;
				CLANG_WARN_OBJC_LITERAL_CONVERSION = YES;
				CLANG_WARN_OBJC_ROOT_CLASS = YES_ERROR;
				CLANG_WARN_QUOTED_INCLUDE_IN_FRAMEWORK_HEADER = YES;
				CLANG_WARN_RANGE_LOOP_ANALYSIS = YES;
				CLANG_WARN_STRICT_PROTOTYPES = YES;
				CLANG_WARN_SUSPICIOUS_MOVE = YES;
				CLANG_WARN_UNGUARDED_AVAILABILITY = YES_AGGRESSIVE;
				CLANG_WARN_UNREACHABLE_CODE = YES;
				CLANG_WARN__DUPLICATE_METHOD_MATCH = YES;
				COPY_PHASE_STRIP = NO;
				DEBUG_INFORMATION_FORMAT = "dwarf-with-dsym";
				ENABLE_NS_ASSERTIONS = NO;
				ENABLE_STRICT_OBJC_MSGSEND = YES;
				GCC_C_LANGUAGE_STANDARD = gnu11;
				GCC_NO_COMMON_BLOCKS = YES;
				GCC_WARN_64_TO_32_BIT_CONVERSION = YES;
				GCC_WARN_ABOUT_RETURN_TYPE = YES_ERROR;
				GCC_WARN_UNDECLARED_SELECTOR = YES;
				GCC_WARN_UNINITIALIZED_AUTOS = YES_AGGRESSIVE;
				GCC_WARN_UNUSED_FUNCTION = YES;
				GCC_WARN_UNUSED_VARIABLE = YES;
				IPHONEOS_DEPLOYMENT_TARGET = 15.4;
				MTL_ENABLE_DEBUG_INFO = NO;
				MTL_FAST_MATH = YES;
				SDKROOT = iphoneos;
				SWIFT_COMPILATION_MODE = wholemodule;
				SWIFT_OPTIMIZATION_LEVEL = "-O";
				VALIDATE_PRODUCT = YES;
			};
			name = Release;
		};
		9A0833F7286F2EBD006F5AA3 /* Debug */ = {
			isa = XCBuildConfiguration;
			buildSettings = {
				ASSETCATALOG_COMPILER_APPICON_NAME = AppIcon;
				ASSETCATALOG_COMPILER_GLOBAL_ACCENT_COLOR_NAME = AccentColor;
				CODE_SIGN_STYLE = Automatic;
				CURRENT_PROJECT_VERSION = 1;
				DEVELOPMENT_ASSET_PATHS = "\"russia_losses/Preview Content\"";
				DEVELOPMENT_TEAM = 48RSDSQJLU;
				ENABLE_PREVIEWS = YES;
				GENERATE_INFOPLIST_FILE = YES;
				INFOPLIST_KEY_UIApplicationSceneManifest_Generation = YES;
				INFOPLIST_KEY_UIApplicationSupportsIndirectInputEvents = YES;
				INFOPLIST_KEY_UILaunchScreen_Generation = YES;
				INFOPLIST_KEY_UISupportedInterfaceOrientations_iPad = "UIInterfaceOrientationPortrait UIInterfaceOrientationPortraitUpsideDown UIInterfaceOrientationLandscapeLeft UIInterfaceOrientationLandscapeRight";
				INFOPLIST_KEY_UISupportedInterfaceOrientations_iPhone = "UIInterfaceOrientationPortrait UIInterfaceOrientationLandscapeLeft UIInterfaceOrientationLandscapeRight";
				LD_RUNPATH_SEARCH_PATHS = (
					"$(inherited)",
					"@executable_path/Frameworks",
				);
				MARKETING_VERSION = 1.0;
				PRODUCT_BUNDLE_IDENTIFIER = "dragonscry.russia-losses";
				PRODUCT_NAME = "$(TARGET_NAME)";
				SWIFT_EMIT_LOC_STRINGS = YES;
				SWIFT_VERSION = 5.0;
				TARGETED_DEVICE_FAMILY = "1,2";
			};
			name = Debug;
		};
		9A0833F8286F2EBD006F5AA3 /* Release */ = {
			isa = XCBuildConfiguration;
			buildSettings = {
				ASSETCATALOG_COMPILER_APPICON_NAME = AppIcon;
				ASSETCATALOG_COMPILER_GLOBAL_ACCENT_COLOR_NAME = AccentColor;
				CODE_SIGN_STYLE = Automatic;
				CURRENT_PROJECT_VERSION = 1;
				DEVELOPMENT_ASSET_PATHS = "\"russia_losses/Preview Content\"";
				DEVELOPMENT_TEAM = 48RSDSQJLU;
				ENABLE_PREVIEWS = YES;
				GENERATE_INFOPLIST_FILE = YES;
				INFOPLIST_KEY_UIApplicationSceneManifest_Generation = YES;
				INFOPLIST_KEY_UIApplicationSupportsIndirectInputEvents = YES;
				INFOPLIST_KEY_UILaunchScreen_Generation = YES;
				INFOPLIST_KEY_UISupportedInterfaceOrientations_iPad = "UIInterfaceOrientationPortrait UIInterfaceOrientationPortraitUpsideDown UIInterfaceOrientationLandscapeLeft UIInterfaceOrientationLandscapeRight";
				INFOPLIST_KEY_UISupportedInterfaceOrientations_iPhone = "UIInterfaceOrientationPortrait UIInterfaceOrientationLandscapeLeft UIInterfaceOrientationLandscapeRight";
				LD_RUNPATH_SEARCH_PATHS = (
					"$(inherited)",
					"@executable_path/Frameworks",
				);
				MARKETING_VERSION = 1.0;
				PRODUCT_BUNDLE_IDENTIFIER = "dragonscry.russia-losses";
				PRODUCT_NAME = "$(TARGET_NAME)";
				SWIFT_EMIT_LOC_STRINGS = YES;
				SWIFT_VERSION = 5.0;
				TARGETED_DEVICE_FAMILY = "1,2";
			};
			name = Release;
		};
/* End XCBuildConfiguration section */

/* Begin XCConfigurationList section */
		9A0833E3286F2EB8006F5AA3 /* Build configuration list for PBXProject "russia_losses" */ = {
			isa = XCConfigurationList;
			buildConfigurations = (
				9A0833F4286F2EBD006F5AA3 /* Debug */,
				9A0833F5286F2EBD006F5AA3 /* Release */,
			);
			defaultConfigurationIsVisible = 0;
			defaultConfigurationName = Release;
		};
		9A0833F6286F2EBD006F5AA3 /* Build configuration list for PBXNativeTarget "russia_losses" */ = {
			isa = XCConfigurationList;
			buildConfigurations = (
				9A0833F7286F2EBD006F5AA3 /* Debug */,
				9A0833F8286F2EBD006F5AA3 /* Release */,
			);
			defaultConfigurationIsVisible = 0;
			defaultConfigurationName = Release;
		};
/* End XCConfigurationList section */
	};
	rootObject = 9A0833E0286F2EB8006F5AA3 /* Project object */;
}
